// !$*UTF8*$!
{
	archiveVersion = 1;
	classes = {
	};
	objectVersion = 56;
	objects = {

/* Begin PBXBuildFile section */
		0137E5CA2AB167AA009B8117 /* AppDelegate.m in Sources */ = {isa = PBXBuildFile; fileRef = 0137E5C92AB167AA009B8117 /* AppDelegate.m */; };
		0137E5CD2AB167AA009B8117 /* SceneDelegate.m in Sources */ = {isa = PBXBuildFile; fileRef = 0137E5CC2AB167AA009B8117 /* SceneDelegate.m */; };
		0137E5D02AB167AA009B8117 /* ViewController.m in Sources */ = {isa = PBXBuildFile; fileRef = 0137E5CF2AB167AA009B8117 /* ViewController.m */; };
		0137E5D32AB167AA009B8117 /* Main.storyboard in Resources */ = {isa = PBXBuildFile; fileRef = 0137E5D12AB167AA009B8117 /* Main.storyboard */; };
		0137E5D52AB167B2009B8117 /* Assets.xcassets in Resources */ = {isa = PBXBuildFile; fileRef = 0137E5D42AB167B1009B8117 /* Assets.xcassets */; };
		0137E5D82AB167B2009B8117 /* LaunchScreen.storyboard in Resources */ = {isa = PBXBuildFile; fileRef = 0137E5D62AB167B2009B8117 /* LaunchScreen.storyboard */; };
		0137E5DB2AB167B2009B8117 /* main.m in Sources */ = {isa = PBXBuildFile; fileRef = 0137E5DA2AB167B2009B8117 /* main.m */; };
		0137E5E52AB167B2009B8117 /* TestRBTests.m in Sources */ = {isa = PBXBuildFile; fileRef = 0137E5E42AB167B2009B8117 /* TestRBTests.m */; };
		0137E5EF2AB167B2009B8117 /* TestRBUITests.m in Sources */ = {isa = PBXBuildFile; fileRef = 0137E5EE2AB167B2009B8117 /* TestRBUITests.m */; };
		0137E5F12AB167B2009B8117 /* TestRBUITestsLaunchTests.m in Sources */ = {isa = PBXBuildFile; fileRef = 0137E5F02AB167B2009B8117 /* TestRBUITestsLaunchTests.m */; };
/* End PBXBuildFile section */

/* Begin PBXContainerItemProxy section */
		0137E5E12AB167B2009B8117 /* PBXContainerItemProxy */ = {
			isa = PBXContainerItemProxy;
			containerPortal = 0137E5BD2AB167AA009B8117 /* Project object */;
			proxyType = 1;
			remoteGlobalIDString = 0137E5C42AB167AA009B8117;
			remoteInfo = TestRB;
		};
		0137E5EB2AB167B2009B8117 /* PBXContainerItemProxy */ = {
			isa = PBXContainerItemProxy;
			containerPortal = 0137E5BD2AB167AA009B8117 /* Project object */;
			proxyType = 1;
			remoteGlobalIDString = 0137E5C42AB167AA009B8117;
			remoteInfo = TestRB;
		};
/* End PBXContainerItemProxy section */

/* Begin PBXFileReference section */
		0137E5C52AB167AA009B8117 /* TestRB.app */ = {isa = PBXFileReference; explicitFileType = wrapper.application; includeInIndex = 0; path = TestRB.app; sourceTree = BUILT_PRODUCTS_DIR; };
		0137E5C82AB167AA009B8117 /* AppDelegate.h */ = {isa = PBXFileReference; lastKnownFileType = sourcecode.c.h; path = AppDelegate.h; sourceTree = "<group>"; };
		0137E5C92AB167AA009B8117 /* AppDelegate.m */ = {isa = PBXFileReference; lastKnownFileType = sourcecode.c.objc; path = AppDelegate.m; sourceTree = "<group>"; };
		0137E5CB2AB167AA009B8117 /* SceneDelegate.h */ = {isa = PBXFileReference; lastKnownFileType = sourcecode.c.h; path = SceneDelegate.h; sourceTree = "<group>"; };
		0137E5CC2AB167AA009B8117 /* SceneDelegate.m */ = {isa = PBXFileReference; lastKnownFileType = sourcecode.c.objc; path = SceneDelegate.m; sourceTree = "<group>"; };
		0137E5CE2AB167AA009B8117 /* ViewController.h */ = {isa = PBXFileReference; lastKnownFileType = sourcecode.c.h; path = ViewController.h; sourceTree = "<group>"; };
		0137E5CF2AB167AA009B8117 /* ViewController.m */ = {isa = PBXFileReference; lastKnownFileType = sourcecode.c.objc; path = ViewController.m; sourceTree = "<group>"; };
		0137E5D22AB167AA009B8117 /* Base */ = {isa = PBXFileReference; lastKnownFileType = file.storyboard; name = Base; path = Base.lproj/Main.storyboard; sourceTree = "<group>"; };
		0137E5D42AB167B1009B8117 /* Assets.xcassets */ = {isa = PBXFileReference; lastKnownFileType = folder.assetcatalog; path = Assets.xcassets; sourceTree = "<group>"; };
		0137E5D72AB167B2009B8117 /* Base */ = {isa = PBXFileReference; lastKnownFileType = file.storyboard; name = Base; path = Base.lproj/LaunchScreen.storyboard; sourceTree = "<group>"; };
		0137E5D92AB167B2009B8117 /* Info.plist */ = {isa = PBXFileReference; lastKnownFileType = text.plist.xml; path = Info.plist; sourceTree = "<group>"; };
		0137E5DA2AB167B2009B8117 /* main.m */ = {isa = PBXFileReference; lastKnownFileType = sourcecode.c.objc; path = main.m; sourceTree = "<group>"; };
		0137E5E02AB167B2009B8117 /* TestRBTests.xctest */ = {isa = PBXFileReference; explicitFileType = wrapper.cfbundle; includeInIndex = 0; path = TestRBTests.xctest; sourceTree = BUILT_PRODUCTS_DIR; };
		0137E5E42AB167B2009B8117 /* TestRBTests.m */ = {isa = PBXFileReference; lastKnownFileType = sourcecode.c.objc; path = TestRBTests.m; sourceTree = "<group>"; };
		0137E5EA2AB167B2009B8117 /* TestRBUITests.xctest */ = {isa = PBXFileReference; explicitFileType = wrapper.cfbundle; includeInIndex = 0; path = TestRBUITests.xctest; sourceTree = BUILT_PRODUCTS_DIR; };
		0137E5EE2AB167B2009B8117 /* TestRBUITests.m */ = {isa = PBXFileReference; lastKnownFileType = sourcecode.c.objc; path = TestRBUITests.m; sourceTree = "<group>"; };
		0137E5F02AB167B2009B8117 /* TestRBUITestsLaunchTests.m */ = {isa = PBXFileReference; lastKnownFileType = sourcecode.c.objc; path = TestRBUITestsLaunchTests.m; sourceTree = "<group>"; };
/* End PBXFileReference section */

/* Begin PBXFrameworksBuildPhase section */
		0137E5C22AB167AA009B8117 /* Frameworks */ = {
			isa = PBXFrameworksBuildPhase;
			buildActionMask = 2147483647;
			files = (
			);
			runOnlyForDeploymentPostprocessing = 0;
		};
		0137E5DD2AB167B2009B8117 /* Frameworks */ = {
			isa = PBXFrameworksBuildPhase;
			buildActionMask = 2147483647;
			files = (
			);
			runOnlyForDeploymentPostprocessing = 0;
		};
		0137E5E72AB167B2009B8117 /* Frameworks */ = {
			isa = PBXFrameworksBuildPhase;
			buildActionMask = 2147483647;
			files = (
			);
			runOnlyForDeploymentPostprocessing = 0;
		};
/* End PBXFrameworksBuildPhase section */

/* Begin PBXGroup section */
		0137E5BC2AB167AA009B8117 = {
			isa = PBXGroup;
			children = (
				0137E5C72AB167AA009B8117 /* TestRB */,
				0137E5E32AB167B2009B8117 /* TestRBTests */,
				0137E5ED2AB167B2009B8117 /* TestRBUITests */,
				0137E5C62AB167AA009B8117 /* Products */,
			);
			sourceTree = "<group>";
		};
		0137E5C62AB167AA009B8117 /* Products */ = {
			isa = PBXGroup;
			children = (
				0137E5C52AB167AA009B8117 /* TestRB.app */,
				0137E5E02AB167B2009B8117 /* TestRBTests.xctest */,
				0137E5EA2AB167B2009B8117 /* TestRBUITests.xctest */,
			);
			name = Products;
			sourceTree = "<group>";
		};
		0137E5C72AB167AA009B8117 /* TestRB */ = {
			isa = PBXGroup;
			children = (
				0137E5C82AB167AA009B8117 /* AppDelegate.h */,
				0137E5C92AB167AA009B8117 /* AppDelegate.m */,
				0137E5CB2AB167AA009B8117 /* SceneDelegate.h */,
				0137E5CC2AB167AA009B8117 /* SceneDelegate.m */,
				0137E5CE2AB167AA009B8117 /* ViewController.h */,
				0137E5CF2AB167AA009B8117 /* ViewController.m */,
				0137E5D12AB167AA009B8117 /* Main.storyboard */,
				0137E5D42AB167B1009B8117 /* Assets.xcassets */,
				0137E5D62AB167B2009B8117 /* LaunchScreen.storyboard */,
				0137E5D92AB167B2009B8117 /* Info.plist */,
				0137E5DA2AB167B2009B8117 /* main.m */,
			);
			path = TestRB;
			sourceTree = "<group>";
		};
		0137E5E32AB167B2009B8117 /* TestRBTests */ = {
			isa = PBXGroup;
			children = (
				0137E5E42AB167B2009B8117 /* TestRBTests.m */,
			);
			path = TestRBTests;
			sourceTree = "<group>";
		};
		0137E5ED2AB167B2009B8117 /* TestRBUITests */ = {
			isa = PBXGroup;
			children = (
				0137E5EE2AB167B2009B8117 /* TestRBUITests.m */,
				0137E5F02AB167B2009B8117 /* TestRBUITestsLaunchTests.m */,
			);
			path = TestRBUITests;
			sourceTree = "<group>";
		};
/* End PBXGroup section */

/* Begin PBXNativeTarget section */
		0137E5C42AB167AA009B8117 /* TestRB */ = {
			isa = PBXNativeTarget;
			buildConfigurationList = 0137E5F42AB167B2009B8117 /* Build configuration list for PBXNativeTarget "TestRB" */;
			buildPhases = (
				0137E5C12AB167AA009B8117 /* Sources */,
				0137E5C22AB167AA009B8117 /* Frameworks */,
				0137E5C32AB167AA009B8117 /* Resources */,
			);
			buildRules = (
			);
			dependencies = (
			);
			name = TestRB;
			productName = TestRB;
			productReference = 0137E5C52AB167AA009B8117 /* TestRB.app */;
			productType = "com.apple.product-type.application";
		};
		0137E5DF2AB167B2009B8117 /* TestRBTests */ = {
			isa = PBXNativeTarget;
			buildConfigurationList = 0137E5F72AB167B2009B8117 /* Build configuration list for PBXNativeTarget "TestRBTests" */;
			buildPhases = (
				0137E5DC2AB167B2009B8117 /* Sources */,
				0137E5DD2AB167B2009B8117 /* Frameworks */,
				0137E5DE2AB167B2009B8117 /* Resources */,
			);
			buildRules = (
			);
			dependencies = (
				0137E5E22AB167B2009B8117 /* PBXTargetDependency */,
			);
			name = TestRBTests;
			productName = TestRBTests;
			productReference = 0137E5E02AB167B2009B8117 /* TestRBTests.xctest */;
			productType = "com.apple.product-type.bundle.unit-test";
		};
		0137E5E92AB167B2009B8117 /* TestRBUITests */ = {
			isa = PBXNativeTarget;
			buildConfigurationList = 0137E5FA2AB167B2009B8117 /* Build configuration list for PBXNativeTarget "TestRBUITests" */;
			buildPhases = (
				0137E5E62AB167B2009B8117 /* Sources */,
				0137E5E72AB167B2009B8117 /* Frameworks */,
				0137E5E82AB167B2009B8117 /* Resources */,
			);
			buildRules = (
			);
			dependencies = (
				0137E5EC2AB167B2009B8117 /* PBXTargetDependency */,
			);
			name = TestRBUITests;
			productName = TestRBUITests;
			productReference = 0137E5EA2AB167B2009B8117 /* TestRBUITests.xctest */;
			productType = "com.apple.product-type.bundle.ui-testing";
		};
/* End PBXNativeTarget section */

/* Begin PBXProject section */
		0137E5BD2AB167AA009B8117 /* Project object */ = {
			isa = PBXProject;
			attributes = {
				BuildIndependentTargetsInParallel = 1;
				LastUpgradeCheck = 1420;
				TargetAttributes = {
					0137E5C42AB167AA009B8117 = {
						CreatedOnToolsVersion = 14.2;
					};
					0137E5DF2AB167B2009B8117 = {
						CreatedOnToolsVersion = 14.2;
						TestTargetID = 0137E5C42AB167AA009B8117;
					};
					0137E5E92AB167B2009B8117 = {
						CreatedOnToolsVersion = 14.2;
						TestTargetID = 0137E5C42AB167AA009B8117;
					};
				};
			};
			buildConfigurationList = 0137E5C02AB167AA009B8117 /* Build configuration list for PBXProject "TestRB" */;
			compatibilityVersion = "Xcode 14.0";
			developmentRegion = en;
			hasScannedForEncodings = 0;
			knownRegions = (
				en,
				Base,
			);
			mainGroup = 0137E5BC2AB167AA009B8117;
			productRefGroup = 0137E5C62AB167AA009B8117 /* Products */;
			projectDirPath = "";
			projectRoot = "";
			targets = (
				0137E5C42AB167AA009B8117 /* TestRB */,
				0137E5DF2AB167B2009B8117 /* TestRBTests */,
				0137E5E92AB167B2009B8117 /* TestRBUITests */,
			);
		};
/* End PBXProject section */

/* Begin PBXResourcesBuildPhase section */
		0137E5C32AB167AA009B8117 /* Resources */ = {
			isa = PBXResourcesBuildPhase;
			buildActionMask = 2147483647;
			files = (
				0137E5D82AB167B2009B8117 /* LaunchScreen.storyboard in Resources */,
				0137E5D52AB167B2009B8117 /* Assets.xcassets in Resources */,
				0137E5D32AB167AA009B8117 /* Main.storyboard in Resources */,
			);
			runOnlyForDeploymentPostprocessing = 0;
		};
		0137E5DE2AB167B2009B8117 /* Resources */ = {
			isa = PBXResourcesBuildPhase;
			buildActionMask = 2147483647;
			files = (
			);
			runOnlyForDeploymentPostprocessing = 0;
		};
		0137E5E82AB167B2009B8117 /* Resources */ = {
			isa = PBXResourcesBuildPhase;
			buildActionMask = 2147483647;
			files = (
			);
			runOnlyForDeploymentPostprocessing = 0;
		};
/* End PBXResourcesBuildPhase section */

/* Begin PBXSourcesBuildPhase section */
		0137E5C12AB167AA009B8117 /* Sources */ = {
			isa = PBXSourcesBuildPhase;
			buildActionMask = 2147483647;
			files = (
				0137E5D02AB167AA009B8117 /* ViewController.m in Sources */,
				0137E5CA2AB167AA009B8117 /* AppDelegate.m in Sources */,
				0137E5DB2AB167B2009B8117 /* main.m in Sources */,
				0137E5CD2AB167AA009B8117 /* SceneDelegate.m in Sources */,
			);
			runOnlyForDeploymentPostprocessing = 0;
		};
		0137E5DC2AB167B2009B8117 /* Sources */ = {
			isa = PBXSourcesBuildPhase;
			buildActionMask = 2147483647;
			files = (
				0137E5E52AB167B2009B8117 /* TestRBTests.m in Sources */,
			);
			runOnlyForDeploymentPostprocessing = 0;
		};
		0137E5E62AB167B2009B8117 /* Sources */ = {
			isa = PBXSourcesBuildPhase;
			buildActionMask = 2147483647;
			files = (
				0137E5F12AB167B2009B8117 /* TestRBUITestsLaunchTests.m in Sources */,
				0137E5EF2AB167B2009B8117 /* TestRBUITests.m in Sources */,
			);
			runOnlyForDeploymentPostprocessing = 0;
		};
/* End PBXSourcesBuildPhase section */

/* Begin PBXTargetDependency section */
		0137E5E22AB167B2009B8117 /* PBXTargetDependency */ = {
			isa = PBXTargetDependency;
			target = 0137E5C42AB167AA009B8117 /* TestRB */;
			targetProxy = 0137E5E12AB167B2009B8117 /* PBXContainerItemProxy */;
		};
		0137E5EC2AB167B2009B8117 /* PBXTargetDependency */ = {
			isa = PBXTargetDependency;
			target = 0137E5C42AB167AA009B8117 /* TestRB */;
			targetProxy = 0137E5EB2AB167B2009B8117 /* PBXContainerItemProxy */;
		};
/* End PBXTargetDependency section */

/* Begin PBXVariantGroup section */
		0137E5D12AB167AA009B8117 /* Main.storyboard */ = {
			isa = PBXVariantGroup;
			children = (
				0137E5D22AB167AA009B8117 /* Base */,
			);
			name = Main.storyboard;
			sourceTree = "<group>";
		};
		0137E5D62AB167B2009B8117 /* LaunchScreen.storyboard */ = {
			isa = PBXVariantGroup;
			children = (
				0137E5D72AB167B2009B8117 /* Base */,
			);
			name = LaunchScreen.storyboard;
			sourceTree = "<group>";
		};
/* End PBXVariantGroup section */

/* Begin XCBuildConfiguration section */
		0137E5F22AB167B2009B8117 /* Debug */ = {
			isa = XCBuildConfiguration;
			buildSettings = {
				ALWAYS_SEARCH_USER_PATHS = NO;
				CLANG_ANALYZER_NONNULL = YES;
				CLANG_ANALYZER_NUMBER_OBJECT_CONVERSION = YES_AGGRESSIVE;
				CLANG_CXX_LANGUAGE_STANDARD = "gnu++20";
				CLANG_ENABLE_MODULES = YES;
				CLANG_ENABLE_OBJC_ARC = YES;
				CLANG_ENABLE_OBJC_WEAK = YES;
				CLANG_WARN_BLOCK_CAPTURE_AUTORELEASING = YES;
				CLANG_WARN_BOOL_CONVERSION = YES;
				CLANG_WARN_COMMA = YES;
				CLANG_WARN_CONSTANT_CONVERSION = YES;
				CLANG_WARN_DEPRECATED_OBJC_IMPLEMENTATIONS = YES;
				CLANG_WARN_DIRECT_OBJC_ISA_USAGE = YES_ERROR;
				CLANG_WARN_DOCUMENTATION_COMMENTS = YES;
				CLANG_WARN_EMPTY_BODY = YES;
				CLANG_WARN_ENUM_CONVERSION = YES;
				CLANG_WARN_INFINITE_RECURSION = YES;
				CLANG_WARN_INT_CONVERSION = YES;
				CLANG_WARN_NON_LITERAL_NULL_CONVERSION = YES;
				CLANG_WARN_OBJC_IMPLICIT_RETAIN_SELF = YES;
				CLANG_WARN_OBJC_LITERAL_CONVERSION = YES;
				CLANG_WARN_OBJC_ROOT_CLASS = YES_ERROR;
				CLANG_WARN_QUOTED_INCLUDE_IN_FRAMEWORK_HEADER = YES;
				CLANG_WARN_RANGE_LOOP_ANALYSIS = YES;
				CLANG_WARN_STRICT_PROTOTYPES = YES;
				CLANG_WARN_SUSPICIOUS_MOVE = YES;
				CLANG_WARN_UNGUARDED_AVAILABILITY = YES_AGGRESSIVE;
				CLANG_WARN_UNREACHABLE_CODE = YES;
				CLANG_WARN__DUPLICATE_METHOD_MATCH = YES;
				COPY_PHASE_STRIP = NO;
				DEBUG_INFORMATION_FORMAT = dwarf;
				ENABLE_STRICT_OBJC_MSGSEND = YES;
				ENABLE_TESTABILITY = YES;
				GCC_C_LANGUAGE_STANDARD = gnu11;
				GCC_DYNAMIC_NO_PIC = NO;
				GCC_NO_COMMON_BLOCKS = YES;
				GCC_OPTIMIZATION_LEVEL = 0;
				GCC_PREPROCESSOR_DEFINITIONS = (
					"DEBUG=1",
					"$(inherited)",
				);
				GCC_WARN_64_TO_32_BIT_CONVERSION = YES;
				GCC_WARN_ABOUT_RETURN_TYPE = YES_ERROR;
				GCC_WARN_UNDECLARED_SELECTOR = YES;
				GCC_WARN_UNINITIALIZED_AUTOS = YES_AGGRESSIVE;
				GCC_WARN_UNUSED_FUNCTION = YES;
				GCC_WARN_UNUSED_VARIABLE = YES;
				IPHONEOS_DEPLOYMENT_TARGET = 16.2;
				MTL_ENABLE_DEBUG_INFO = INCLUDE_SOURCE;
				MTL_FAST_MATH = YES;
				ONLY_ACTIVE_ARCH = YES;
				SDKROOT = iphoneos;
			};
			name = Debug;
		};
		0137E5F32AB167B2009B8117 /* Release */ = {
			isa = XCBuildConfiguration;
			buildSettings = {
				ALWAYS_SEARCH_USER_PATHS = NO;
				CLANG_ANALYZER_NONNULL = YES;
				CLANG_ANALYZER_NUMBER_OBJECT_CONVERSION = YES_AGGRESSIVE;
				CLANG_CXX_LANGUAGE_STANDARD = "gnu++20";
				CLANG_ENABLE_MODULES = YES;
				CLANG_ENABLE_OBJC_ARC = YES;
				CLANG_ENABLE_OBJC_WEAK = YES;
				CLANG_WARN_BLOCK_CAPTURE_AUTORELEASING = YES;
				CLANG_WARN_BOOL_CONVERSION = YES;
				CLANG_WARN_COMMA = YES;
				CLANG_WARN_CONSTANT_CONVERSION = YES;
				CLANG_WARN_DEPRECATED_OBJC_IMPLEMENTATIONS = YES;
				CLANG_WARN_DIRECT_OBJC_ISA_USAGE = YES_ERROR;
				CLANG_WARN_DOCUMENTATION_COMMENTS = YES;
				CLANG_WARN_EMPTY_BODY = YES;
				CLANG_WARN_ENUM_CONVERSION = YES;
				CLANG_WARN_INFINITE_RECURSION = YES;
				CLANG_WARN_INT_CONVERSION = YES;
				CLANG_WARN_NON_LITERAL_NULL_CONVERSION = YES;
				CLANG_WARN_OBJC_IMPLICIT_RETAIN_SELF = YES;
				CLANG_WARN_OBJC_LITERAL_CONVERSION = YES;
				CLANG_WARN_OBJC_ROOT_CLASS = YES_ERROR;
				CLANG_WARN_QUOTED_INCLUDE_IN_FRAMEWORK_HEADER = YES;
				CLANG_WARN_RANGE_LOOP_ANALYSIS = YES;
				CLANG_WARN_STRICT_PROTOTYPES = YES;
				CLANG_WARN_SUSPICIOUS_MOVE = YES;
				CLANG_WARN_UNGUARDED_AVAILABILITY = YES_AGGRESSIVE;
				CLANG_WARN_UNREACHABLE_CODE = YES;
				CLANG_WARN__DUPLICATE_METHOD_MATCH = YES;
				COPY_PHASE_STRIP = NO;
				DEBUG_INFORMATION_FORMAT = "dwarf-with-dsym";
				ENABLE_NS_ASSERTIONS = NO;
				ENABLE_STRICT_OBJC_MSGSEND = YES;
				GCC_C_LANGUAGE_STANDARD = gnu11;
				GCC_NO_COMMON_BLOCKS = YES;
				GCC_WARN_64_TO_32_BIT_CONVERSION = YES;
				GCC_WARN_ABOUT_RETURN_TYPE = YES_ERROR;
				GCC_WARN_UNDECLARED_SELECTOR = YES;
				GCC_WARN_UNINITIALIZED_AUTOS = YES_AGGRESSIVE;
				GCC_WARN_UNUSED_FUNCTION = YES;
				GCC_WARN_UNUSED_VARIABLE = YES;
				IPHONEOS_DEPLOYMENT_TARGET = 16.2;
				MTL_ENABLE_DEBUG_INFO = NO;
				MTL_FAST_MATH = YES;
				SDKROOT = iphoneos;
				VALIDATE_PRODUCT = YES;
			};
			name = Release;
		};
		0137E5F52AB167B2009B8117 /* Debug */ = {
			isa = XCBuildConfiguration;
			buildSettings = {
				ASSETCATALOG_COMPILER_APPICON_NAME = AppIcon;
				ASSETCATALOG_COMPILER_GLOBAL_ACCENT_COLOR_NAME = AccentColor;
				CODE_SIGN_STYLE = Automatic;
				CURRENT_PROJECT_VERSION = 1;
				GENERATE_INFOPLIST_FILE = YES;
				INFOPLIST_FILE = TestRB/Info.plist;
				INFOPLIST_KEY_UIApplicationSupportsIndirectInputEvents = YES;
				INFOPLIST_KEY_UILaunchStoryboardName = LaunchScreen;
				INFOPLIST_KEY_UIMainStoryboardFile = Main;
				INFOPLIST_KEY_UISupportedInterfaceOrientations_iPad = "UIInterfaceOrientationPortrait UIInterfaceOrientationPortraitUpsideDown UIInterfaceOrientationLandscapeLeft UIInterfaceOrientationLandscapeRight";
				INFOPLIST_KEY_UISupportedInterfaceOrientations_iPhone = "UIInterfaceOrientationPortrait UIInterfaceOrientationLandscapeLeft UIInterfaceOrientationLandscapeRight";
				LD_RUNPATH_SEARCH_PATHS = (
					"$(inherited)",
					"@executable_path/Frameworks",
				);
				MARKETING_VERSION = 1.0;
				PRODUCT_BUNDLE_IDENTIFIER = xxx.xxx.TestRB;
				PRODUCT_NAME = "$(TARGET_NAME)";
				SWIFT_EMIT_LOC_STRINGS = YES;
				TARGETED_DEVICE_FAMILY = "1,2";
			};
			name = Debug;
		};
		0137E5F62AB167B2009B8117 /* Release */ = {
			isa = XCBuildConfiguration;
			buildSettings = {
				ASSETCATALOG_COMPILER_APPICON_NAME = AppIcon;
				ASSETCATALOG_COMPILER_GLOBAL_ACCENT_COLOR_NAME = AccentColor;
				CODE_SIGN_STYLE = Automatic;
				CURRENT_PROJECT_VERSION = 1;
				GENERATE_INFOPLIST_FILE = YES;
				INFOPLIST_FILE = TestRB/Info.plist;
				INFOPLIST_KEY_UIApplicationSupportsIndirectInputEvents = YES;
				INFOPLIST_KEY_UILaunchStoryboardName = LaunchScreen;
				INFOPLIST_KEY_UIMainStoryboardFile = Main;
				INFOPLIST_KEY_UISupportedInterfaceOrientations_iPad = "UIInterfaceOrientationPortrait UIInterfaceOrientationPortraitUpsideDown UIInterfaceOrientationLandscapeLeft UIInterfaceOrientationLandscapeRight";
				INFOPLIST_KEY_UISupportedInterfaceOrientations_iPhone = "UIInterfaceOrientationPortrait UIInterfaceOrientationLandscapeLeft UIInterfaceOrientationLandscapeRight";
				LD_RUNPATH_SEARCH_PATHS = (
					"$(inherited)",
					"@executable_path/Frameworks",
				);
				MARKETING_VERSION = 1.0;
				PRODUCT_BUNDLE_IDENTIFIER = xxx.xxx.TestRB;
				PRODUCT_NAME = "$(TARGET_NAME)";
				SWIFT_EMIT_LOC_STRINGS = YES;
				TARGETED_DEVICE_FAMILY = "1,2";
			};
			name = Release;
		};
		0137E5F82AB167B2009B8117 /* Debug */ = {
			isa = XCBuildConfiguration;
			buildSettings = {
				BUNDLE_LOADER = "$(TEST_HOST)";
				CODE_SIGN_STYLE = Automatic;
				CURRENT_PROJECT_VERSION = 1;
				GENERATE_INFOPLIST_FILE = YES;
				IPHONEOS_DEPLOYMENT_TARGET = 16.2;
				MARKETING_VERSION = 1.0;
				PRODUCT_BUNDLE_IDENTIFIER = xxx.xxx.TestRBTests;
				PRODUCT_NAME = "$(TARGET_NAME)";
				SWIFT_EMIT_LOC_STRINGS = NO;
				TARGETED_DEVICE_FAMILY = "1,2";
				TEST_HOST = "$(BUILT_PRODUCTS_DIR)/TestRB.app/$(BUNDLE_EXECUTABLE_FOLDER_PATH)/TestRB";
			};
			name = Debug;
		};
		0137E5F92AB167B2009B8117 /* Release */ = {
			isa = XCBuildConfiguration;
			buildSettings = {
				BUNDLE_LOADER = "$(TEST_HOST)";
				CODE_SIGN_STYLE = Automatic;
				CURRENT_PROJECT_VERSION = 1;
				GENERATE_INFOPLIST_FILE = YES;
				IPHONEOS_DEPLOYMENT_TARGET = 16.2;
				MARKETING_VERSION = 1.0;
				PRODUCT_BUNDLE_IDENTIFIER = xxx.xxx.TestRBTests;
				PRODUCT_NAME = "$(TARGET_NAME)";
				SWIFT_EMIT_LOC_STRINGS = NO;
				TARGETED_DEVICE_FAMILY = "1,2";
				TEST_HOST = "$(BUILT_PRODUCTS_DIR)/TestRB.app/$(BUNDLE_EXECUTABLE_FOLDER_PATH)/TestRB";
			};
			name = Release;
		};
		0137E5FB2AB167B2009B8117 /* Debug */ = {
			isa = XCBuildConfiguration;
			buildSettings = {
				CODE_SIGN_STYLE = Automatic;
				CURRENT_PROJECT_VERSION = 1;
				GENERATE_INFOPLIST_FILE = YES;
				MARKETING_VERSION = 1.0;
				PRODUCT_BUNDLE_IDENTIFIER = xxx.xxx.TestRBUITests;
				PRODUCT_NAME = "$(TARGET_NAME)";
				SWIFT_EMIT_LOC_STRINGS = NO;
				TARGETED_DEVICE_FAMILY = "1,2";
				TEST_TARGET_NAME = TestRB;
			};
			name = Debug;
		};
		0137E5FC2AB167B2009B8117 /* Release */ = {
			isa = XCBuildConfiguration;
			buildSettings = {
				CODE_SIGN_STYLE = Automatic;
				CURRENT_PROJECT_VERSION = 1;
				GENERATE_INFOPLIST_FILE = YES;
				MARKETING_VERSION = 1.0;
				PRODUCT_BUNDLE_IDENTIFIER = xxx.xxx.TestRBUITests;
				PRODUCT_NAME = "$(TARGET_NAME)";
				SWIFT_EMIT_LOC_STRINGS = NO;
				TARGETED_DEVICE_FAMILY = "1,2";
				TEST_TARGET_NAME = TestRB;
			};
			name = Release;
		};
/* End XCBuildConfiguration section */

/* Begin XCConfigurationList section */
		0137E5C02AB167AA009B8117 /* Build configuration list for PBXProject "TestRB" */ = {
			isa = XCConfigurationList;
			buildConfigurations = (
				0137E5F22AB167B2009B8117 /* Debug */,
				0137E5F32AB167B2009B8117 /* Release */,
			);
			defaultConfigurationIsVisible = 0;
			defaultConfigurationName = Release;
		};
		0137E5F42AB167B2009B8117 /* Build configuration list for PBXNativeTarget "TestRB" */ = {
			isa = XCConfigurationList;
			buildConfigurations = (
				0137E5F52AB167B2009B8117 /* Debug */,
				0137E5F62AB167B2009B8117 /* Release */,
			);
			defaultConfigurationIsVisible = 0;
			defaultConfigurationName = Release;
		};
		0137E5F72AB167B2009B8117 /* Build configuration list for PBXNativeTarget "TestRBTests" */ = {
			isa = XCConfigurationList;
			buildConfigurations = (
				0137E5F82AB167B2009B8117 /* Debug */,
				0137E5F92AB167B2009B8117 /* Release */,
			);
			defaultConfigurationIsVisible = 0;
			defaultConfigurationName = Release;
		};
		0137E5FA2AB167B2009B8117 /* Build configuration list for PBXNativeTarget "TestRBUITests" */ = {
			isa = XCConfigurationList;
			buildConfigurations = (
				0137E5FB2AB167B2009B8117 /* Debug */,
				0137E5FC2AB167B2009B8117 /* Release */,
			);
			defaultConfigurationIsVisible = 0;
			defaultConfigurationName = Release;
		};
/* End XCConfigurationList section */
	};
	rootObject = 0137E5BD2AB167AA009B8117 /* Project object */;
}
